
Microsoft Visual Studio Solution File, Format Version 12.00
# Visual Studio Version 16
VisualStudioVersion = 16.0.30309.148
MinimumVisualStudioVersion = 10.0.40219.1
Project("{9A19103F-16F7-4668-BE54-9A1E7A4F7556}") = "NasaAPIToExcel.Models", "NasaAPIToExcel.Models\NasaAPIToExcel.Models.csproj", "{3A7CE2DF-30DB-43B7-A5F1-D5270E777254}"
EndProject
Project("{FAE04EC0-301F-11D3-BF4B-00C04F79EFBC}") = "NasaAPIToExcel.Web", "NasaAPIToExcel.Web\NasaAPIToExcel.Web.csproj", "{5A4E3C99-8B6C-4C85-B312-C59345CA4397}"
EndProject
Project("{FAE04EC0-301F-11D3-BF4B-00C04F79EFBC}") = "NasaAPIToExcel.Services", "NasaAPIToExcel.Services\NasaAPIToExcel.Services.csproj", "{8A886B9B-DD35-4A13-B23E-8FD24A4BE740}"
EndProject
Global
	GlobalSection(SolutionConfigurationPlatforms) = preSolution
		Debug|Any CPU = Debug|Any CPU
		Release|Any CPU = Release|Any CPU
	EndGlobalSection
	GlobalSection(ProjectConfigurationPlatforms) = postSolution
		{3A7CE2DF-30DB-43B7-A5F1-D5270E777254}.Debug|Any CPU.ActiveCfg = Debug|Any CPU
		{3A7CE2DF-30DB-43B7-A5F1-D5270E777254}.Debug|Any CPU.Build.0 = Debug|Any CPU
		{3A7CE2DF-30DB-43B7-A5F1-D5270E777254}.Release|Any CPU.ActiveCfg = Release|Any CPU
		{3A7CE2DF-30DB-43B7-A5F1-D5270E777254}.Release|Any CPU.Build.0 = Release|Any CPU
		{5A4E3C99-8B6C-4C85-B312-C59345CA4397}.Debug|Any CPU.ActiveCfg = Debug|Any CPU
		{5A4E3C99-8B6C-4C85-B312-C59345CA4397}.Debug|Any CPU.Build.0 = Debug|Any CPU
		{5A4E3C99-8B6C-4C85-B312-C59345CA4397}.Release|Any CPU.ActiveCfg = Release|Any CPU
		{5A4E3C99-8B6C-4C85-B312-C59345CA4397}.Release|Any CPU.Build.0 = Release|Any CPU
		{8A886B9B-DD35-4A13-B23E-8FD24A4BE740}.Debug|Any CPU.ActiveCfg = Debug|Any CPU
		{8A886B9B-DD35-4A13-B23E-8FD24A4BE740}.Debug|Any CPU.Build.0 = Debug|Any CPU
		{8A886B9B-DD35-4A13-B23E-8FD24A4BE740}.Release|Any CPU.ActiveCfg = Release|Any CPU
		{8A886B9B-DD35-4A13-B23E-8FD24A4BE740}.Release|Any CPU.Build.0 = Release|Any CPU
	EndGlobalSection
	GlobalSection(SolutionProperties) = preSolution
		HideSolutionNode = FALSE
	EndGlobalSection
	GlobalSection(ExtensibilityGlobals) = postSolution
		SolutionGuid = {E0EED580-4387-45BD-8DDB-AE72DECDEEC8}
	EndGlobalSection
EndGlobal
